// !$*UTF8*$!
{
	archiveVersion = 1;
	classes = {
	};
	objectVersion = 55;
	objects = {

/* Begin PBXBuildFile section */
		FA26AF882929995D0032F5B5 /* AppDelegate.swift in Sources */ = {isa = PBXBuildFile; fileRef = FA26AF872929995D0032F5B5 /* AppDelegate.swift */; };
		FA26AF8A2929995D0032F5B5 /* SceneDelegate.swift in Sources */ = {isa = PBXBuildFile; fileRef = FA26AF892929995D0032F5B5 /* SceneDelegate.swift */; };
		FA26AF8C2929995D0032F5B5 /* ViewController.swift in Sources */ = {isa = PBXBuildFile; fileRef = FA26AF8B2929995D0032F5B5 /* ViewController.swift */; };
		FA26AF8F2929995D0032F5B5 /* Main.storyboard in Resources */ = {isa = PBXBuildFile; fileRef = FA26AF8D2929995D0032F5B5 /* Main.storyboard */; };
		FA26AF91292999600032F5B5 /* Assets.xcassets in Resources */ = {isa = PBXBuildFile; fileRef = FA26AF90292999600032F5B5 /* Assets.xcassets */; };
		FA26AF94292999600032F5B5 /* LaunchScreen.storyboard in Resources */ = {isa = PBXBuildFile; fileRef = FA26AF92292999600032F5B5 /* LaunchScreen.storyboard */; };
		FA26AF9E292999DA0032F5B5 /* RawData.json in Resources */ = {isa = PBXBuildFile; fileRef = FA26AF9D292999DA0032F5B5 /* RawData.json */; };
		FA26AFA029299A4E0032F5B5 /* Models.swift in Sources */ = {isa = PBXBuildFile; fileRef = FA26AF9F29299A4E0032F5B5 /* Models.swift */; };
		FA26AFA229299A8E0032F5B5 /* MoviesModel.swift in Sources */ = {isa = PBXBuildFile; fileRef = FA26AFA129299A8E0032F5B5 /* MoviesModel.swift */; };
/* End PBXBuildFile section */

/* Begin PBXFileReference section */
		FA26AF842929995D0032F5B5 /* Homework8 @SergeyHots.app */ = {isa = PBXFileReference; explicitFileType = wrapper.application; includeInIndex = 0; path = "Homework8 @SergeyHots.app"; sourceTree = BUILT_PRODUCTS_DIR; };
		FA26AF872929995D0032F5B5 /* AppDelegate.swift */ = {isa = PBXFileReference; lastKnownFileType = sourcecode.swift; path = AppDelegate.swift; sourceTree = "<group>"; };
		FA26AF892929995D0032F5B5 /* SceneDelegate.swift */ = {isa = PBXFileReference; lastKnownFileType = sourcecode.swift; path = SceneDelegate.swift; sourceTree = "<group>"; };
		FA26AF8B2929995D0032F5B5 /* ViewController.swift */ = {isa = PBXFileReference; lastKnownFileType = sourcecode.swift; path = ViewController.swift; sourceTree = "<group>"; };
		FA26AF8E2929995D0032F5B5 /* Base */ = {isa = PBXFileReference; lastKnownFileType = file.storyboard; name = Base; path = Base.lproj/Main.storyboard; sourceTree = "<group>"; };
		FA26AF90292999600032F5B5 /* Assets.xcassets */ = {isa = PBXFileReference; lastKnownFileType = folder.assetcatalog; path = Assets.xcassets; sourceTree = "<group>"; };
		FA26AF93292999600032F5B5 /* Base */ = {isa = PBXFileReference; lastKnownFileType = file.storyboard; name = Base; path = Base.lproj/LaunchScreen.storyboard; sourceTree = "<group>"; };
		FA26AF95292999600032F5B5 /* Info.plist */ = {isa = PBXFileReference; lastKnownFileType = text.plist.xml; path = Info.plist; sourceTree = "<group>"; };
		FA26AF9D292999DA0032F5B5 /* RawData.json */ = {isa = PBXFileReference; fileEncoding = 4; lastKnownFileType = text.json; name = RawData.json; path = ../../../../Downloads/RawData.json; sourceTree = "<group>"; };
		FA26AF9F29299A4E0032F5B5 /* Models.swift */ = {isa = PBXFileReference; lastKnownFileType = sourcecode.swift; path = Models.swift; sourceTree = "<group>"; };
		FA26AFA129299A8E0032F5B5 /* MoviesModel.swift */ = {isa = PBXFileReference; lastKnownFileType = sourcecode.swift; path = MoviesModel.swift; sourceTree = "<group>"; };
/* End PBXFileReference section */

/* Begin PBXFrameworksBuildPhase section */
		FA26AF812929995D0032F5B5 /* Frameworks */ = {
			isa = PBXFrameworksBuildPhase;
			buildActionMask = 2147483647;
			files = (
			);
			runOnlyForDeploymentPostprocessing = 0;
		};
/* End PBXFrameworksBuildPhase section */

/* Begin PBXGroup section */
		FA26AF7B2929995D0032F5B5 = {
			isa = PBXGroup;
			children = (
				FA26AF862929995D0032F5B5 /* Homework8 @SergeyHots */,
				FA26AF852929995D0032F5B5 /* Products */,
			);
			sourceTree = "<group>";
		};
		FA26AF852929995D0032F5B5 /* Products */ = {
			isa = PBXGroup;
			children = (
				FA26AF842929995D0032F5B5 /* Homework8 @SergeyHots.app */,
			);
			name = Products;
			sourceTree = "<group>";
		};
		FA26AF862929995D0032F5B5 /* Homework8 @SergeyHots */ = {
			isa = PBXGroup;
			children = (
				FA26AF9C292999B20032F5B5 /* Data */,
				FA26AF9B292999A80032F5B5 /* TMDB Data */,
				FA26AF872929995D0032F5B5 /* AppDelegate.swift */,
				FA26AF892929995D0032F5B5 /* SceneDelegate.swift */,
				FA26AF8B2929995D0032F5B5 /* ViewController.swift */,
				FA26AF8D2929995D0032F5B5 /* Main.storyboard */,
				FA26AF90292999600032F5B5 /* Assets.xcassets */,
				FA26AF92292999600032F5B5 /* LaunchScreen.storyboard */,
				FA26AF95292999600032F5B5 /* Info.plist */,
			);
			path = "Homework8 @SergeyHots";
			sourceTree = "<group>";
		};
		FA26AF9B292999A80032F5B5 /* TMDB Data */ = {
			isa = PBXGroup;
			children = (
				FA26AFA129299A8E0032F5B5 /* MoviesModel.swift */,
			);
			path = "TMDB Data";
			sourceTree = "<group>";
		};
		FA26AF9C292999B20032F5B5 /* Data */ = {
			isa = PBXGroup;
			children = (
				FA26AF9D292999DA0032F5B5 /* RawData.json */,
				FA26AF9F29299A4E0032F5B5 /* Models.swift */,
			);
			path = Data;
			sourceTree = "<group>";
		};
/* End PBXGroup section */

/* Begin PBXNativeTarget section */
		FA26AF832929995D0032F5B5 /* Homework8 @SergeyHots */ = {
			isa = PBXNativeTarget;
			buildConfigurationList = FA26AF98292999600032F5B5 /* Build configuration list for PBXNativeTarget "Homework8 @SergeyHots" */;
			buildPhases = (
				FA26AF802929995D0032F5B5 /* Sources */,
				FA26AF812929995D0032F5B5 /* Frameworks */,
				FA26AF822929995D0032F5B5 /* Resources */,
			);
			buildRules = (
			);
			dependencies = (
			);
			name = "Homework8 @SergeyHots";
			productName = "Homework8 @SergeyHots";
			productReference = FA26AF842929995D0032F5B5 /* Homework8 @SergeyHots.app */;
			productType = "com.apple.product-type.application";
		};
/* End PBXNativeTarget section */

/* Begin PBXProject section */
		FA26AF7C2929995D0032F5B5 /* Project object */ = {
			isa = PBXProject;
			attributes = {
				BuildIndependentTargetsInParallel = 1;
				LastSwiftUpdateCheck = 1320;
				LastUpgradeCheck = 1320;
				TargetAttributes = {
					FA26AF832929995D0032F5B5 = {
						CreatedOnToolsVersion = 13.2.1;
					};
				};
			};
			buildConfigurationList = FA26AF7F2929995D0032F5B5 /* Build configuration list for PBXProject "Homework8 @SergeyHots" */;
			compatibilityVersion = "Xcode 13.0";
			developmentRegion = en;
			hasScannedForEncodings = 0;
			knownRegions = (
				en,
				Base,
			);
			mainGroup = FA26AF7B2929995D0032F5B5;
			productRefGroup = FA26AF852929995D0032F5B5 /* Products */;
			projectDirPath = "";
			projectRoot = "";
			targets = (
				FA26AF832929995D0032F5B5 /* Homework8 @SergeyHots */,
			);
		};
/* End PBXProject section */

/* Begin PBXResourcesBuildPhase section */
		FA26AF822929995D0032F5B5 /* Resources */ = {
			isa = PBXResourcesBuildPhase;
			buildActionMask = 2147483647;
			files = (
				FA26AF9E292999DA0032F5B5 /* RawData.json in Resources */,
				FA26AF94292999600032F5B5 /* LaunchScreen.storyboard in Resources */,
				FA26AF91292999600032F5B5 /* Assets.xcassets in Resources */,
				FA26AF8F2929995D0032F5B5 /* Main.storyboard in Resources */,
			);
			runOnlyForDeploymentPostprocessing = 0;
		};
/* End PBXResourcesBuildPhase section */

/* Begin PBXSourcesBuildPhase section */
		FA26AF802929995D0032F5B5 /* Sources */ = {
			isa = PBXSourcesBuildPhase;
			buildActionMask = 2147483647;
			files = (
				FA26AF8C2929995D0032F5B5 /* ViewController.swift in Sources */,
				FA26AF882929995D0032F5B5 /* AppDelegate.swift in Sources */,
				FA26AFA229299A8E0032F5B5 /* MoviesModel.swift in Sources */,
				FA26AF8A2929995D0032F5B5 /* SceneDelegate.swift in Sources */,
				FA26AFA029299A4E0032F5B5 /* Models.swift in Sources */,
			);
			runOnlyForDeploymentPostprocessing = 0;
		};
/* End PBXSourcesBuildPhase section */

/* Begin PBXVariantGroup section */
		FA26AF8D2929995D0032F5B5 /* Main.storyboard */ = {
			isa = PBXVariantGroup;
			children = (
				FA26AF8E2929995D0032F5B5 /* Base */,
			);
			name = Main.storyboard;
			sourceTree = "<group>";
		};
		FA26AF92292999600032F5B5 /* LaunchScreen.storyboard */ = {
			isa = PBXVariantGroup;
			children = (
				FA26AF93292999600032F5B5 /* Base */,
			);
			name = LaunchScreen.storyboard;
			sourceTree = "<group>";
		};
/* End PBXVariantGroup section */

/* Begin XCBuildConfiguration section */
		FA26AF96292999600032F5B5 /* Debug */ = {
			isa = XCBuildConfiguration;
			buildSettings = {
				ALWAYS_SEARCH_USER_PATHS = NO;
				CLANG_ANALYZER_NONNULL = YES;
				CLANG_ANALYZER_NUMBER_OBJECT_CONVERSION = YES_AGGRESSIVE;
				CLANG_CXX_LANGUAGE_STANDARD = "gnu++17";
				CLANG_CXX_LIBRARY = "libc++";
				CLANG_ENABLE_MODULES = YES;
				CLANG_ENABLE_OBJC_ARC = YES;
				CLANG_ENABLE_OBJC_WEAK = YES;
				CLANG_WARN_BLOCK_CAPTURE_AUTORELEASING = YES;
				CLANG_WARN_BOOL_CONVERSION = YES;
				CLANG_WARN_COMMA = YES;
				CLANG_WARN_CONSTANT_CONVERSION = YES;
				CLANG_WARN_DEPRECATED_OBJC_IMPLEMENTATIONS = YES;
				CLANG_WARN_DIRECT_OBJC_ISA_USAGE = YES_ERROR;
				CLANG_WARN_DOCUMENTATION_COMMENTS = YES;
				CLANG_WARN_EMPTY_BODY = YES;
				CLANG_WARN_ENUM_CONVERSION = YES;
				CLANG_WARN_INFINITE_RECURSION = YES;
				CLANG_WARN_INT_CONVERSION = YES;
				CLANG_WARN_NON_LITERAL_NULL_CONVERSION = YES;
				CLANG_WARN_OBJC_IMPLICIT_RETAIN_SELF = YES;
				CLANG_WARN_OBJC_LITERAL_CONVERSION = YES;
				CLANG_WARN_OBJC_ROOT_CLASS = YES_ERROR;
				CLANG_WARN_QUOTED_INCLUDE_IN_FRAMEWORK_HEADER = YES;
				CLANG_WARN_RANGE_LOOP_ANALYSIS = YES;
				CLANG_WARN_STRICT_PROTOTYPES = YES;
				CLANG_WARN_SUSPICIOUS_MOVE = YES;
				CLANG_WARN_UNGUARDED_AVAILABILITY = YES_AGGRESSIVE;
				CLANG_WARN_UNREACHABLE_CODE = YES;
				CLANG_WARN__DUPLICATE_METHOD_MATCH = YES;
				COPY_PHASE_STRIP = NO;
				DEBUG_INFORMATION_FORMAT = dwarf;
				ENABLE_STRICT_OBJC_MSGSEND = YES;
				ENABLE_TESTABILITY = YES;
				GCC_C_LANGUAGE_STANDARD = gnu11;
				GCC_DYNAMIC_NO_PIC = NO;
				GCC_NO_COMMON_BLOCKS = YES;
				GCC_OPTIMIZATION_LEVEL = 0;
				GCC_PREPROCESSOR_DEFINITIONS = (
					"DEBUG=1",
					"$(inherited)",
				);
				GCC_WARN_64_TO_32_BIT_CONVERSION = YES;
				GCC_WARN_ABOUT_RETURN_TYPE = YES_ERROR;
				GCC_WARN_UNDECLARED_SELECTOR = YES;
				GCC_WARN_UNINITIALIZED_AUTOS = YES_AGGRESSIVE;
				GCC_WARN_UNUSED_FUNCTION = YES;
				GCC_WARN_UNUSED_VARIABLE = YES;
				IPHONEOS_DEPLOYMENT_TARGET = 15.2;
				MTL_ENABLE_DEBUG_INFO = INCLUDE_SOURCE;
				MTL_FAST_MATH = YES;
				ONLY_ACTIVE_ARCH = YES;
				SDKROOT = iphoneos;
				SWIFT_ACTIVE_COMPILATION_CONDITIONS = DEBUG;
				SWIFT_OPTIMIZATION_LEVEL = "-Onone";
			};
			name = Debug;
		};
		FA26AF97292999600032F5B5 /* Release */ = {
			isa = XCBuildConfiguration;
			buildSettings = {
				ALWAYS_SEARCH_USER_PATHS = NO;
				CLANG_ANALYZER_NONNULL = YES;
				CLANG_ANALYZER_NUMBER_OBJECT_CONVERSION = YES_AGGRESSIVE;
				CLANG_CXX_LANGUAGE_STANDARD = "gnu++17";
				CLANG_CXX_LIBRARY = "libc++";
				CLANG_ENABLE_MODULES = YES;
				CLANG_ENABLE_OBJC_ARC = YES;
				CLANG_ENABLE_OBJC_WEAK = YES;
				CLANG_WARN_BLOCK_CAPTURE_AUTORELEASING = YES;
				CLANG_WARN_BOOL_CONVERSION = YES;
				CLANG_WARN_COMMA = YES;
				CLANG_WARN_CONSTANT_CONVERSION = YES;
				CLANG_WARN_DEPRECATED_OBJC_IMPLEMENTATIONS = YES;
				CLANG_WARN_DIRECT_OBJC_ISA_USAGE = YES_ERROR;
				CLANG_WARN_DOCUMENTATION_COMMENTS = YES;
				CLANG_WARN_EMPTY_BODY = YES;
				CLANG_WARN_ENUM_CONVERSION = YES;
				CLANG_WARN_INFINITE_RECURSION = YES;
				CLANG_WARN_INT_CONVERSION = YES;
				CLANG_WARN_NON_LITERAL_NULL_CONVERSION = YES;
				CLANG_WARN_OBJC_IMPLICIT_RETAIN_SELF = YES;
				CLANG_WARN_OBJC_LITERAL_CONVERSION = YES;
				CLANG_WARN_OBJC_ROOT_CLASS = YES_ERROR;
				CLANG_WARN_QUOTED_INCLUDE_IN_FRAMEWORK_HEADER = YES;
				CLANG_WARN_RANGE_LOOP_ANALYSIS = YES;
				CLANG_WARN_STRICT_PROTOTYPES = YES;
				CLANG_WARN_SUSPICIOUS_MOVE = YES;
				CLANG_WARN_UNGUARDED_AVAILABILITY = YES_AGGRESSIVE;
				CLANG_WARN_UNREACHABLE_CODE = YES;
				CLANG_WARN__DUPLICATE_METHOD_MATCH = YES;
				COPY_PHASE_STRIP = NO;
				DEBUG_INFORMATION_FORMAT = "dwarf-with-dsym";
				ENABLE_NS_ASSERTIONS = NO;
				ENABLE_STRICT_OBJC_MSGSEND = YES;
				GCC_C_LANGUAGE_STANDARD = gnu11;
				GCC_NO_COMMON_BLOCKS = YES;
				GCC_WARN_64_TO_32_BIT_CONVERSION = YES;
				GCC_WARN_ABOUT_RETURN_TYPE = YES_ERROR;
				GCC_WARN_UNDECLARED_SELECTOR = YES;
				GCC_WARN_UNINITIALIZED_AUTOS = YES_AGGRESSIVE;
				GCC_WARN_UNUSED_FUNCTION = YES;
				GCC_WARN_UNUSED_VARIABLE = YES;
				IPHONEOS_DEPLOYMENT_TARGET = 15.2;
				MTL_ENABLE_DEBUG_INFO = NO;
				MTL_FAST_MATH = YES;
				SDKROOT = iphoneos;
				SWIFT_COMPILATION_MODE = wholemodule;
				SWIFT_OPTIMIZATION_LEVEL = "-O";
				VALIDATE_PRODUCT = YES;
			};
			name = Release;
		};
		FA26AF99292999600032F5B5 /* Debug */ = {
			isa = XCBuildConfiguration;
			buildSettings = {
				ASSETCATALOG_COMPILER_APPICON_NAME = AppIcon;
				ASSETCATALOG_COMPILER_GLOBAL_ACCENT_COLOR_NAME = AccentColor;
				CODE_SIGN_STYLE = Automatic;
				CURRENT_PROJECT_VERSION = 1;
				GENERATE_INFOPLIST_FILE = YES;
				INFOPLIST_FILE = "Homework8 @SergeyHots/Info.plist";
				INFOPLIST_KEY_UIApplicationSupportsIndirectInputEvents = YES;
				INFOPLIST_KEY_UILaunchStoryboardName = LaunchScreen;
				INFOPLIST_KEY_UIMainStoryboardFile = Main;
				INFOPLIST_KEY_UISupportedInterfaceOrientations_iPad = "UIInterfaceOrientationPortrait UIInterfaceOrientationPortraitUpsideDown UIInterfaceOrientationLandscapeLeft UIInterfaceOrientationLandscapeRight";
				INFOPLIST_KEY_UISupportedInterfaceOrientations_iPhone = "UIInterfaceOrientationPortrait UIInterfaceOrientationLandscapeLeft UIInterfaceOrientationLandscapeRight";
				LD_RUNPATH_SEARCH_PATHS = (
					"$(inherited)",
					"@executable_path/Frameworks",
				);
				MARKETING_VERSION = 1.0;
				PRODUCT_BUNDLE_IDENTIFIER = "HoTS.Homework8--SergeyHots";
				PRODUCT_NAME = "$(TARGET_NAME)";
				SWIFT_EMIT_LOC_STRINGS = YES;
				SWIFT_VERSION = 5.0;
				TARGETED_DEVICE_FAMILY = "1,2";
			};
			name = Debug;
		};
		FA26AF9A292999600032F5B5 /* Release */ = {
			isa = XCBuildConfiguration;
			buildSettings = {
				ASSETCATALOG_COMPILER_APPICON_NAME = AppIcon;
				ASSETCATALOG_COMPILER_GLOBAL_ACCENT_COLOR_NAME = AccentColor;
				CODE_SIGN_STYLE = Automatic;
				CURRENT_PROJECT_VERSION = 1;
				GENERATE_INFOPLIST_FILE = YES;
				INFOPLIST_FILE = "Homework8 @SergeyHots/Info.plist";
				INFOPLIST_KEY_UIApplicationSupportsIndirectInputEvents = YES;
				INFOPLIST_KEY_UILaunchStoryboardName = LaunchScreen;
				INFOPLIST_KEY_UIMainStoryboardFile = Main;
				INFOPLIST_KEY_UISupportedInterfaceOrientations_iPad = "UIInterfaceOrientationPortrait UIInterfaceOrientationPortraitUpsideDown UIInterfaceOrientationLandscapeLeft UIInterfaceOrientationLandscapeRight";
				INFOPLIST_KEY_UISupportedInterfaceOrientations_iPhone = "UIInterfaceOrientationPortrait UIInterfaceOrientationLandscapeLeft UIInterfaceOrientationLandscapeRight";
				LD_RUNPATH_SEARCH_PATHS = (
					"$(inherited)",
					"@executable_path/Frameworks",
				);
				MARKETING_VERSION = 1.0;
				PRODUCT_BUNDLE_IDENTIFIER = "HoTS.Homework8--SergeyHots";
				PRODUCT_NAME = "$(TARGET_NAME)";
				SWIFT_EMIT_LOC_STRINGS = YES;
				SWIFT_VERSION = 5.0;
				TARGETED_DEVICE_FAMILY = "1,2";
			};
			name = Release;
		};
/* End XCBuildConfiguration section */

/* Begin XCConfigurationList section */
		FA26AF7F2929995D0032F5B5 /* Build configuration list for PBXProject "Homework8 @SergeyHots" */ = {
			isa = XCConfigurationList;
			buildConfigurations = (
				FA26AF96292999600032F5B5 /* Debug */,
				FA26AF97292999600032F5B5 /* Release */,
			);
			defaultConfigurationIsVisible = 0;
			defaultConfigurationName = Release;
		};
		FA26AF98292999600032F5B5 /* Build configuration list for PBXNativeTarget "Homework8 @SergeyHots" */ = {
			isa = XCConfigurationList;
			buildConfigurations = (
				FA26AF99292999600032F5B5 /* Debug */,
				FA26AF9A292999600032F5B5 /* Release */,
			);
			defaultConfigurationIsVisible = 0;
			defaultConfigurationName = Release;
		};
/* End XCConfigurationList section */
	};
	rootObject = FA26AF7C2929995D0032F5B5 /* Project object */;
}
